
Microsoft Visual Studio Solution File, Format Version 12.00
# Visual Studio Version 17
VisualStudioVersion = 17.2.32630.192
MinimumVisualStudioVersion = 10.0.40219.1
Project("{9A19103F-16F7-4668-BE54-9A1E7A4F7556}") = "MyRazorApplicationWeb", "MyRazorApplicationWeb\MyRazorApplicationWeb.csproj", "{7E21C6CE-A41F-4467-8356-1804741B4C52}"
EndProject
Global
	GlobalSection(SolutionConfigurationPlatforms) = preSolution
		Debug|Any CPU = Debug|Any CPU
		Release|Any CPU = Release|Any CPU
	EndGlobalSection
	GlobalSection(ProjectConfigurationPlatforms) = postSolution
		{7E21C6CE-A41F-4467-8356-1804741B4C52}.Debug|Any CPU.ActiveCfg = Debug|Any CPU
		{7E21C6CE-A41F-4467-8356-1804741B4C52}.Debug|Any CPU.Build.0 = Debug|Any CPU
		{7E21C6CE-A41F-4467-8356-1804741B4C52}.Release|Any CPU.ActiveCfg = Release|Any CPU
		{7E21C6CE-A41F-4467-8356-1804741B4C52}.Release|Any CPU.Build.0 = Release|Any CPU
	EndGlobalSection
	GlobalSection(SolutionProperties) = preSolution
		HideSolutionNode = FALSE
	EndGlobalSection
	GlobalSection(ExtensibilityGlobals) = postSolution
		SolutionGuid = {80034F8E-4B8D-44A9-9D4B-DA284858DEB3}
	EndGlobalSection
EndGlobal
